
Microsoft Visual Studio Solution File, Format Version 12.00
# Visual Studio Version 16
VisualStudioVersion = 16.0.31410.357
MinimumVisualStudioVersion = 10.0.40219.1
Project("{FAE04EC0-301F-11D3-BF4B-00C04F79EFBC}") = "Employee wage", "Employee wage\Employee wage.csproj", "{F9564A2B-E888-4819-86DD-601E5963C99A}"
EndProject
Global
	GlobalSection(SolutionConfigurationPlatforms) = preSolution
		Debug|Any CPU = Debug|Any CPU
		Release|Any CPU = Release|Any CPU
	EndGlobalSection
	GlobalSection(ProjectConfigurationPlatforms) = postSolution
		{F9564A2B-E888-4819-86DD-601E5963C99A}.Debug|Any CPU.ActiveCfg = Debug|Any CPU
		{F9564A2B-E888-4819-86DD-601E5963C99A}.Debug|Any CPU.Build.0 = Debug|Any CPU
		{F9564A2B-E888-4819-86DD-601E5963C99A}.Release|Any CPU.ActiveCfg = Release|Any CPU
		{F9564A2B-E888-4819-86DD-601E5963C99A}.Release|Any CPU.Build.0 = Release|Any CPU
	EndGlobalSection
	GlobalSection(SolutionProperties) = preSolution
		HideSolutionNode = FALSE
	EndGlobalSection
	GlobalSection(ExtensibilityGlobals) = postSolution
		SolutionGuid = {2424B400-F20D-41E4-8992-A7AB8F0A81E3}
	EndGlobalSection
EndGlobal
